{
  "name": "node-starter",
  "version": "0.0.0",
  "lockfileVersion": 2,
  "requires": true,
  "packages": {
    "": {
      "name": "node-starter",
      "version": "0.0.0",
      "dependencies": {
        "polka": "^0.5.2",
        "sirv": "^1.0.17"
      },
      "devDependencies": {
        "prettier": "^2.4.1"
      }
    },
    "node_modules/@arr/every": {
      "version": "1.0.1",
      "resolved": "https://registry.npmjs.org/@arr/every/-/every-1.0.1.tgz",
      "integrity": "sha512-UQFQ6SgyJ6LX42W8rHCs8KVc0JS0tzVL9ct4XYedJukskYVWTo49tNiMEK9C2HTyarbNiT/RVIRSY82vH+6sTg==",
      "engines": {
        "node": ">=4"
      }
    },
    "node_modules/@polka/url": {
      "version": "0.5.0",
      "resolved": "https://registry.npmjs.org/@polka/url/-/url-0.5.0.tgz",
      "integrity": "sha512-oZLYFEAzUKyi3SKnXvj32ZCEGH6RDnao7COuCVhDydMS9NrCSVXhM79VaKyP5+Zc33m0QXEd2DN3UkU7OsHcfw=="
    },
    "node_modules/matchit": {
      "version": "1.1.0",
      "resolved": "https://registry.npmjs.org/matchit/-/matchit-1.1.0.tgz",
      "integrity": "sha512-+nGYoOlfHmxe5BW5tE0EMJppXEwdSf8uBA1GTZC7Q77kbT35+VKLYJMzVNWCHSsga1ps1tPYFtFyvxvKzWVmMA==",
      "dependencies": {
        "@arr/every": "^1.0.0"
      },
      "engines": {
        "node": ">=6"
      }
    },
    "node_modules/mime": {
      "version": "2.5.2",
      "resolved": "https://registry.npmjs.org/mime/-/mime-2.5.2.tgz",
      "integrity": "sha512-tqkh47FzKeCPD2PUiPB6pkbMzsCasjxAfC62/Wap5qrUWcb+sFasXUC5I3gYM5iBM8v/Qpn4UK0x+j0iHyFPDg==",
      "bin": {
        "mime": "cli.js"
      },
      "engines": {
        "node": ">=4.0.0"
      }
    },
    "node_modules/polka": {
      "version": "0.5.2",
      "resolved": "https://registry.npmjs.org/polka/-/polka-0.5.2.tgz",
      "integrity": "sha512-FVg3vDmCqP80tOrs+OeNlgXYmFppTXdjD5E7I4ET1NjvtNmQrb1/mJibybKkb/d4NA7YWAr1ojxuhpL3FHqdlw==",
      "dependencies": {
        "@polka/url": "^0.5.0",
        "trouter": "^2.0.1"
      }
    },
    "node_modules/prettier": {
      "version": "2.4.1",
      "resolved": "https://registry.npmjs.org/prettier/-/prettier-2.4.1.tgz",
      "integrity": "sha512-9fbDAXSBcc6Bs1mZrDYb3XKzDLm4EXXL9sC1LqKP5rZkT6KRr/rf9amVUcODVXgguK/isJz0d0hP72WeaKWsvA==",
      "dev": true,
      "bin": {
        "prettier": "bin-prettier.js"
      },
      "engines": {
        "node": ">=10.13.0"
      }
    },
    "node_modules/sirv": {
      "version": "1.0.17",
      "resolved": "https://registry.npmjs.org/sirv/-/sirv-1.0.17.tgz",
      "integrity": "sha512-qx9go5yraB7ekT7bCMqUHJ5jEaOC/GXBxUWv+jeWnb7WzHUFdcQPGWk7YmAwFBaQBrogpuSqd/azbC2lZRqqmw==",
      "dependencies": {
        "@polka/url": "^1.0.0-next.20",
        "mime": "^2.3.1",
        "totalist": "^1.0.0"
      },
      "engines": {
        "node": ">= 10"
      }
    },
    "node_modules/sirv/node_modules/@polka/url": {
      "version": "1.0.0-next.20",
      "resolved": "https://registry.npmjs.org/@polka/url/-/url-1.0.0-next.20.tgz",
      "integrity": "sha512-88p7+M0QGxKpmnkfXjS4V26AnoC/eiqZutE8GLdaI5X12NY75bXSdTY9NkmYb2Xyk1O+MmkuO6Frmsj84V6I8Q=="
    },
    "node_modules/totalist": {
      "version": "1.1.0",
      "resolved": "https://registry.npmjs.org/totalist/-/totalist-1.1.0.tgz",
      "integrity": "sha512-gduQwd1rOdDMGxFG1gEvhV88Oirdo2p+KjoYFU7k2g+i7n6AFFbDQ5kMPUsW0pNbfQsB/cwXvT1i4Bue0s9g5g==",
      "engines": {
        "node": ">=6"
      }
    },
    "node_modules/trouter": {
      "version": "2.0.1",
      "resolved": "https://registry.npmjs.org/trouter/-/trouter-2.0.1.tgz",
      "integrity": "sha512-kr8SKKw94OI+xTGOkfsvwZQ8mWoikZDd2n8XZHjJVZUARZT+4/VV6cacRS6CLsH9bNm+HFIPU1Zx4CnNnb4qlQ==",
      "dependencies": {
        "matchit": "^1.0.0"
      },
      "engines": {
        "node": ">=6"
      }
    }
  },
  "dependencies": {
    "@arr/every": {
      "version": "1.0.1",
      "resolved": "https://registry.npmjs.org/@arr/every/-/every-1.0.1.tgz",
      "integrity": "sha512-UQFQ6SgyJ6LX42W8rHCs8KVc0JS0tzVL9ct4XYedJukskYVWTo49tNiMEK9C2HTyarbNiT/RVIRSY82vH+6sTg=="
    },
    "@polka/url": {
      "version": "0.5.0",
      "resolved": "https://registry.npmjs.org/@polka/url/-/url-0.5.0.tgz",
      "integrity": "sha512-oZLYFEAzUKyi3SKnXvj32ZCEGH6RDnao7COuCVhDydMS9NrCSVXhM79VaKyP5+Zc33m0QXEd2DN3UkU7OsHcfw=="
    },
    "matchit": {
      "version": "1.1.0",
      "resolved": "https://registry.npmjs.org/matchit/-/matchit-1.1.0.tgz",
      "integrity": "sha512-+nGYoOlfHmxe5BW5tE0EMJppXEwdSf8uBA1GTZC7Q77kbT35+VKLYJMzVNWCHSsga1ps1tPYFtFyvxvKzWVmMA==",
      "requires": {
        "@arr/every": "^1.0.0"
      }
    },
    "mime": {
      "version": "2.5.2",
      "resolved": "https://registry.npmjs.org/mime/-/mime-2.5.2.tgz",
      "integrity": "sha512-tqkh47FzKeCPD2PUiPB6pkbMzsCasjxAfC62/Wap5qrUWcb+sFasXUC5I3gYM5iBM8v/Qpn4UK0x+j0iHyFPDg=="
    },
    "polka": {
      "version": "0.5.2",
      "resolved": "https://registry.npmjs.org/polka/-/polka-0.5.2.tgz",
      "integrity": "sha512-FVg3vDmCqP80tOrs+OeNlgXYmFppTXdjD5E7I4ET1NjvtNmQrb1/mJibybKkb/d4NA7YWAr1ojxuhpL3FHqdlw==",
      "requires": {
        "@polka/url": "^0.5.0",
        "trouter": "^2.0.1"
      }
    },
    "prettier": {
      "version": "2.4.1",
      "resolved": "https://registry.npmjs.org/prettier/-/prettier-2.4.1.tgz",
      "integrity": "sha512-9fbDAXSBcc6Bs1mZrDYb3XKzDLm4EXXL9sC1LqKP5rZkT6KRr/rf9amVUcODVXgguK/isJz0d0hP72WeaKWsvA==",
      "dev": true
    },
    "sirv": {
      "version": "1.0.17",
      "resolved": "https://registry.npmjs.org/sirv/-/sirv-1.0.17.tgz",
      "integrity": "sha512-qx9go5yraB7ekT7bCMqUHJ5jEaOC/GXBxUWv+jeWnb7WzHUFdcQPGWk7YmAwFBaQBrogpuSqd/azbC2lZRqqmw==",
      "requires": {
        "@polka/url": "^1.0.0-next.20",
        "mime": "^2.3.1",
        "totalist": "^1.0.0"
      },
      "dependencies": {
        "@polka/url": {
          "version": "1.0.0-next.20",
          "resolved": "https://registry.npmjs.org/@polka/url/-/url-1.0.0-next.20.tgz",
          "integrity": "sha512-88p7+M0QGxKpmnkfXjS4V26AnoC/eiqZutE8GLdaI5X12NY75bXSdTY9NkmYb2Xyk1O+MmkuO6Frmsj84V6I8Q=="
        }
      }
    },
    "totalist": {
      "version": "1.1.0",
      "resolved": "https://registry.npmjs.org/totalist/-/totalist-1.1.0.tgz",
      "integrity": "sha512-gduQwd1rOdDMGxFG1gEvhV88Oirdo2p+KjoYFU7k2g+i7n6AFFbDQ5kMPUsW0pNbfQsB/cwXvT1i4Bue0s9g5g=="
    },
    "trouter": {
      "version": "2.0.1",
      "resolved": "https://registry.npmjs.org/trouter/-/trouter-2.0.1.tgz",
      "integrity": "sha512-kr8SKKw94OI+xTGOkfsvwZQ8mWoikZDd2n8XZHjJVZUARZT+4/VV6cacRS6CLsH9bNm+HFIPU1Zx4CnNnb4qlQ==",
      "requires": {
        "matchit": "^1.0.0"
      }
    }
  }
}
